
Microsoft Visual Studio Solution File, Format Version 12.00
# Visual Studio 15
VisualStudioVersion = 15.0.28307.102
MinimumVisualStudioVersion = 10.0.40219.1
Project("{FAE04EC0-301F-11D3-BF4B-00C04F79EFBC}") = "login", "login\login.csproj", "{D9186874-38A1-495B-9809-3BBC628528B4}"
EndProject
Global
	GlobalSection(SolutionConfigurationPlatforms) = preSolution
		Debug|Any CPU = Debug|Any CPU
		Release|Any CPU = Release|Any CPU
	EndGlobalSection
	GlobalSection(ProjectConfigurationPlatforms) = postSolution
		{D9186874-38A1-495B-9809-3BBC628528B4}.Debug|Any CPU.ActiveCfg = Debug|Any CPU
		{D9186874-38A1-495B-9809-3BBC628528B4}.Debug|Any CPU.Build.0 = Debug|Any CPU
		{D9186874-38A1-495B-9809-3BBC628528B4}.Release|Any CPU.ActiveCfg = Release|Any CPU
		{D9186874-38A1-495B-9809-3BBC628528B4}.Release|Any CPU.Build.0 = Release|Any CPU
	EndGlobalSection
	GlobalSection(SolutionProperties) = preSolution
		HideSolutionNode = FALSE
	EndGlobalSection
	GlobalSection(ExtensibilityGlobals) = postSolution
		SolutionGuid = {38388900-D4E9-4BA2-B888-D1009D24D7CF}
	EndGlobalSection
EndGlobal
